{
  "name": "@jaspero/fb-page-builder",
  "version": "3.2.0",
  "lockfileVersion": 1,
  "requires": true,
  "dependencies": {
    "@jaspero/utils": {
      "version": "1.2.1",
      "resolved": "https://registry.npmjs.org/@jaspero/utils/-/utils-1.2.1.tgz",
      "integrity": "sha512-/KIbEr6LotgApkM1rMg1f4sLe6OEQXgEMtk/8PoF3VRtyaZmAxBYsNvOFGcUAjoQ2z6srX5WdxZJQfnT9NnzRA=="
    }
  }
}
